
Microsoft Visual Studio Solution File, Format Version 12.00
# Visual Studio 15
VisualStudioVersion = 15.0.26403.7
MinimumVisualStudioVersion = 10.0.40219.1
Project("{FAE04EC0-301F-11D3-BF4B-00C04F79EFBC}") = "TelasTeste", "TelasTeste\TelasTeste.csproj", "{60D074E7-6843-4FB2-817B-818CCCB320C5}"
EndProject
Project("{FAE04EC0-301F-11D3-BF4B-00C04F79EFBC}") = "ERP", "..\..\DS\ERP\ERP\ERP.csproj", "{BEB9FF17-A9F4-4A40-9812-8830B3B89751}"
EndProject
Global
	GlobalSection(SolutionConfigurationPlatforms) = preSolution
		Debug|Any CPU = Debug|Any CPU
		Release|Any CPU = Release|Any CPU
	EndGlobalSection
	GlobalSection(ProjectConfigurationPlatforms) = postSolution
		{60D074E7-6843-4FB2-817B-818CCCB320C5}.Debug|Any CPU.ActiveCfg = Debug|Any CPU
		{60D074E7-6843-4FB2-817B-818CCCB320C5}.Debug|Any CPU.Build.0 = Debug|Any CPU
		{60D074E7-6843-4FB2-817B-818CCCB320C5}.Release|Any CPU.ActiveCfg = Release|Any CPU
		{60D074E7-6843-4FB2-817B-818CCCB320C5}.Release|Any CPU.Build.0 = Release|Any CPU
		{BEB9FF17-A9F4-4A40-9812-8830B3B89751}.Debug|Any CPU.ActiveCfg = Debug|Any CPU
		{BEB9FF17-A9F4-4A40-9812-8830B3B89751}.Debug|Any CPU.Build.0 = Debug|Any CPU
		{BEB9FF17-A9F4-4A40-9812-8830B3B89751}.Release|Any CPU.ActiveCfg = Release|Any CPU
		{BEB9FF17-A9F4-4A40-9812-8830B3B89751}.Release|Any CPU.Build.0 = Release|Any CPU
	EndGlobalSection
	GlobalSection(SolutionProperties) = preSolution
		HideSolutionNode = FALSE
	EndGlobalSection
EndGlobal
